
Microsoft Visual Studio Solution File, Format Version 12.00
# Visual Studio Version 17
VisualStudioVersion = 17.9.34622.214
MinimumVisualStudioVersion = 10.0.40219.1
Project("{2150E333-8FDC-42A3-9474-1A3956D46DE8}") = "src", "src", "{A8769E8C-05C7-496D-B5A6-AFE192EA2E73}"
EndProject
Project("{2150E333-8FDC-42A3-9474-1A3956D46DE8}") = "Building Blocks", "Building Blocks", "{8A1E7246-7791-47B0-8F23-4FA7CAEF9F58}"
EndProject
Project("{2150E333-8FDC-42A3-9474-1A3956D46DE8}") = "Services", "Services", "{EB099466-8889-4CF6-8275-A587A9222D02}"
EndProject
Project("{2150E333-8FDC-42A3-9474-1A3956D46DE8}") = "Web", "Web", "{22C684A3-E8AB-4207-B714-0820E4FF854C}"
EndProject
Project("{2150E333-8FDC-42A3-9474-1A3956D46DE8}") = "Identidade", "Identidade", "{0B60C5E0-8FFB-46F5-83C6-235FAD9480C2}"
EndProject
Project("{2150E333-8FDC-42A3-9474-1A3956D46DE8}") = "MVC", "MVC", "{C68F0D92-B79A-4593-8947-B2EE4324DA7F}"
EndProject
Project("{FAE04EC0-301F-11D3-BF4B-00C04F79EFBC}") = "NSE.WebApp.MVC", "src\web\NSE.WebApp.MVC\NSE.WebApp.MVC.csproj", "{31A01622-3A57-4D34-8486-177D2B84D5B6}"
EndProject
Project("{2150E333-8FDC-42A3-9474-1A3956D46DE8}") = "Core", "Core", "{92B65E3E-20FC-4B88-8E9E-4D6771C9E860}"
EndProject
Project("{FAE04EC0-301F-11D3-BF4B-00C04F79EFBC}") = "NSE.Core", "src\building blocks\NSE.Core\NSE.Core.csproj", "{1F0EE92E-7695-4A44-ADB8-E4F649930392}"
EndProject
Project("{2150E333-8FDC-42A3-9474-1A3956D46DE8}") = "Carrinho", "Carrinho", "{2FB29DDB-CFF6-4DEE-8B00-A09A79463526}"
EndProject
Project("{FAE04EC0-301F-11D3-BF4B-00C04F79EFBC}") = "NSE.Carrinho.API", "src\services\NSE.Carrinho.API\NSE.Carrinho.API.csproj", "{C066C9C6-A913-4D99-A393-D82C5047DDC7}"
EndProject
Project("{2150E333-8FDC-42A3-9474-1A3956D46DE8}") = "Catalogo", "Catalogo", "{92CB9971-5F25-4782-8F9C-3B56C36C85F0}"
EndProject
Project("{FAE04EC0-301F-11D3-BF4B-00C04F79EFBC}") = "NSE.Catalogo.API", "src\services\NSE.Catalogo.API\NSE.Catalogo.API.csproj", "{83B6B11C-8816-4585-9F62-6F582F223162}"
EndProject
Project("{2150E333-8FDC-42A3-9474-1A3956D46DE8}") = "Cliente", "Cliente", "{85525B86-43BC-4716-A9A5-B12B3247ED6C}"
EndProject
Project("{FAE04EC0-301F-11D3-BF4B-00C04F79EFBC}") = "NSE.Cliente.API", "src\services\NSE.Cliente.API\NSE.Cliente.API.csproj", "{97F001F8-46A1-4750-A230-F3F9CB0579E6}"
EndProject
Project("{2150E333-8FDC-42A3-9474-1A3956D46DE8}") = "Pagamento", "Pagamento", "{9C804231-A5E3-4E0F-A804-EFAF71EF4738}"
EndProject
Project("{FAE04EC0-301F-11D3-BF4B-00C04F79EFBC}") = "NSE.Pagamento.API", "src\services\NSE.Pagamento.API\NSE.Pagamento.API.csproj", "{91063269-F69D-49EF-85B9-0A00B7474880}"
EndProject
Project("{2150E333-8FDC-42A3-9474-1A3956D46DE8}") = "Pedido", "Pedido", "{6981D10A-1B60-4729-9C1E-8ADA6978F11A}"
EndProject
Project("{FAE04EC0-301F-11D3-BF4B-00C04F79EFBC}") = "NSE.Pedido.API", "src\services\NSE.Pedido.API\NSE.Pedido.API.csproj", "{E086A5E0-F5E8-43B7-B27F-4963039B95B8}"
EndProject
Project("{FAE04EC0-301F-11D3-BF4B-00C04F79EFBC}") = "NSE.Identidade.API", "src\services\NSE.Identidade.API\NSE.Identidade.API.csproj", "{93E5AE7A-DDC1-4B33-9C5A-09EE165F74C4}"
EndProject
Global
	GlobalSection(SolutionConfigurationPlatforms) = preSolution
		Debug|Any CPU = Debug|Any CPU
		Release|Any CPU = Release|Any CPU
	EndGlobalSection
	GlobalSection(ProjectConfigurationPlatforms) = postSolution
		{31A01622-3A57-4D34-8486-177D2B84D5B6}.Debug|Any CPU.ActiveCfg = Debug|Any CPU
		{31A01622-3A57-4D34-8486-177D2B84D5B6}.Debug|Any CPU.Build.0 = Debug|Any CPU
		{31A01622-3A57-4D34-8486-177D2B84D5B6}.Release|Any CPU.ActiveCfg = Release|Any CPU
		{31A01622-3A57-4D34-8486-177D2B84D5B6}.Release|Any CPU.Build.0 = Release|Any CPU
		{1F0EE92E-7695-4A44-ADB8-E4F649930392}.Debug|Any CPU.ActiveCfg = Debug|Any CPU
		{1F0EE92E-7695-4A44-ADB8-E4F649930392}.Debug|Any CPU.Build.0 = Debug|Any CPU
		{1F0EE92E-7695-4A44-ADB8-E4F649930392}.Release|Any CPU.ActiveCfg = Release|Any CPU
		{1F0EE92E-7695-4A44-ADB8-E4F649930392}.Release|Any CPU.Build.0 = Release|Any CPU
		{C066C9C6-A913-4D99-A393-D82C5047DDC7}.Debug|Any CPU.ActiveCfg = Debug|Any CPU
		{C066C9C6-A913-4D99-A393-D82C5047DDC7}.Debug|Any CPU.Build.0 = Debug|Any CPU
		{C066C9C6-A913-4D99-A393-D82C5047DDC7}.Release|Any CPU.ActiveCfg = Release|Any CPU
		{C066C9C6-A913-4D99-A393-D82C5047DDC7}.Release|Any CPU.Build.0 = Release|Any CPU
		{83B6B11C-8816-4585-9F62-6F582F223162}.Debug|Any CPU.ActiveCfg = Debug|Any CPU
		{83B6B11C-8816-4585-9F62-6F582F223162}.Debug|Any CPU.Build.0 = Debug|Any CPU
		{83B6B11C-8816-4585-9F62-6F582F223162}.Release|Any CPU.ActiveCfg = Release|Any CPU
		{83B6B11C-8816-4585-9F62-6F582F223162}.Release|Any CPU.Build.0 = Release|Any CPU
		{97F001F8-46A1-4750-A230-F3F9CB0579E6}.Debug|Any CPU.ActiveCfg = Debug|Any CPU
		{97F001F8-46A1-4750-A230-F3F9CB0579E6}.Debug|Any CPU.Build.0 = Debug|Any CPU
		{97F001F8-46A1-4750-A230-F3F9CB0579E6}.Release|Any CPU.ActiveCfg = Release|Any CPU
		{97F001F8-46A1-4750-A230-F3F9CB0579E6}.Release|Any CPU.Build.0 = Release|Any CPU
		{91063269-F69D-49EF-85B9-0A00B7474880}.Debug|Any CPU.ActiveCfg = Debug|Any CPU
		{91063269-F69D-49EF-85B9-0A00B7474880}.Debug|Any CPU.Build.0 = Debug|Any CPU
		{91063269-F69D-49EF-85B9-0A00B7474880}.Release|Any CPU.ActiveCfg = Release|Any CPU
		{91063269-F69D-49EF-85B9-0A00B7474880}.Release|Any CPU.Build.0 = Release|Any CPU
		{E086A5E0-F5E8-43B7-B27F-4963039B95B8}.Debug|Any CPU.ActiveCfg = Debug|Any CPU
		{E086A5E0-F5E8-43B7-B27F-4963039B95B8}.Debug|Any CPU.Build.0 = Debug|Any CPU
		{E086A5E0-F5E8-43B7-B27F-4963039B95B8}.Release|Any CPU.ActiveCfg = Release|Any CPU
		{E086A5E0-F5E8-43B7-B27F-4963039B95B8}.Release|Any CPU.Build.0 = Release|Any CPU
		{93E5AE7A-DDC1-4B33-9C5A-09EE165F74C4}.Debug|Any CPU.ActiveCfg = Debug|Any CPU
		{93E5AE7A-DDC1-4B33-9C5A-09EE165F74C4}.Debug|Any CPU.Build.0 = Debug|Any CPU
		{93E5AE7A-DDC1-4B33-9C5A-09EE165F74C4}.Release|Any CPU.ActiveCfg = Release|Any CPU
		{93E5AE7A-DDC1-4B33-9C5A-09EE165F74C4}.Release|Any CPU.Build.0 = Release|Any CPU
	EndGlobalSection
	GlobalSection(SolutionProperties) = preSolution
		HideSolutionNode = FALSE
	EndGlobalSection
	GlobalSection(NestedProjects) = preSolution
		{8A1E7246-7791-47B0-8F23-4FA7CAEF9F58} = {A8769E8C-05C7-496D-B5A6-AFE192EA2E73}
		{EB099466-8889-4CF6-8275-A587A9222D02} = {A8769E8C-05C7-496D-B5A6-AFE192EA2E73}
		{22C684A3-E8AB-4207-B714-0820E4FF854C} = {A8769E8C-05C7-496D-B5A6-AFE192EA2E73}
		{0B60C5E0-8FFB-46F5-83C6-235FAD9480C2} = {EB099466-8889-4CF6-8275-A587A9222D02}
		{C68F0D92-B79A-4593-8947-B2EE4324DA7F} = {22C684A3-E8AB-4207-B714-0820E4FF854C}
		{31A01622-3A57-4D34-8486-177D2B84D5B6} = {C68F0D92-B79A-4593-8947-B2EE4324DA7F}
		{92B65E3E-20FC-4B88-8E9E-4D6771C9E860} = {8A1E7246-7791-47B0-8F23-4FA7CAEF9F58}
		{1F0EE92E-7695-4A44-ADB8-E4F649930392} = {92B65E3E-20FC-4B88-8E9E-4D6771C9E860}
		{2FB29DDB-CFF6-4DEE-8B00-A09A79463526} = {EB099466-8889-4CF6-8275-A587A9222D02}
		{C066C9C6-A913-4D99-A393-D82C5047DDC7} = {2FB29DDB-CFF6-4DEE-8B00-A09A79463526}
		{92CB9971-5F25-4782-8F9C-3B56C36C85F0} = {EB099466-8889-4CF6-8275-A587A9222D02}
		{83B6B11C-8816-4585-9F62-6F582F223162} = {92CB9971-5F25-4782-8F9C-3B56C36C85F0}
		{85525B86-43BC-4716-A9A5-B12B3247ED6C} = {EB099466-8889-4CF6-8275-A587A9222D02}
		{97F001F8-46A1-4750-A230-F3F9CB0579E6} = {85525B86-43BC-4716-A9A5-B12B3247ED6C}
		{9C804231-A5E3-4E0F-A804-EFAF71EF4738} = {EB099466-8889-4CF6-8275-A587A9222D02}
		{91063269-F69D-49EF-85B9-0A00B7474880} = {9C804231-A5E3-4E0F-A804-EFAF71EF4738}
		{6981D10A-1B60-4729-9C1E-8ADA6978F11A} = {EB099466-8889-4CF6-8275-A587A9222D02}
		{E086A5E0-F5E8-43B7-B27F-4963039B95B8} = {6981D10A-1B60-4729-9C1E-8ADA6978F11A}
		{93E5AE7A-DDC1-4B33-9C5A-09EE165F74C4} = {0B60C5E0-8FFB-46F5-83C6-235FAD9480C2}
	EndGlobalSection
	GlobalSection(ExtensibilityGlobals) = postSolution
		SolutionGuid = {8F405EFA-A43D-4B3D-8B08-57C86E09C3C1}
	EndGlobalSection
EndGlobal
